
Microsoft Visual Studio Solution File, Format Version 12.00
# Visual Studio Version 17
VisualStudioVersion = 17.1.32319.34
MinimumVisualStudioVersion = 10.0.40219.1
Project("{FAE04EC0-301F-11D3-BF4B-00C04F79EFBC}") = "ScriptRunner.GUI", "ScriptRunner.GUI\ScriptRunner.GUI.csproj", "{87EF4861-1CB6-4F46-97E0-6925A59626EE}"
EndProject
Global
	GlobalSection(SolutionConfigurationPlatforms) = preSolution
		Debug|Any CPU = Debug|Any CPU
		Release|Any CPU = Release|Any CPU
	EndGlobalSection
	GlobalSection(ProjectConfigurationPlatforms) = postSolution
		{87EF4861-1CB6-4F46-97E0-6925A59626EE}.Debug|Any CPU.ActiveCfg = Debug|Any CPU
		{87EF4861-1CB6-4F46-97E0-6925A59626EE}.Debug|Any CPU.Build.0 = Debug|Any CPU
		{87EF4861-1CB6-4F46-97E0-6925A59626EE}.Release|Any CPU.ActiveCfg = Release|Any CPU
		{87EF4861-1CB6-4F46-97E0-6925A59626EE}.Release|Any CPU.Build.0 = Release|Any CPU
	EndGlobalSection
	GlobalSection(SolutionProperties) = preSolution
		HideSolutionNode = FALSE
	EndGlobalSection
	GlobalSection(ExtensibilityGlobals) = postSolution
		SolutionGuid = {9F9E175D-511A-4AE6-84E6-4E69F6284B91}
	EndGlobalSection
EndGlobal
