
Microsoft Visual Studio Solution File, Format Version 12.00
# Visual Studio Version 17
VisualStudioVersion = 17.1.32319.34
MinimumVisualStudioVersion = 10.0.40219.1
Project("{9A19103F-16F7-4668-BE54-9A1E7A4F7556}") = "ScriptRunner.GUI", "ScriptRunner.GUI\ScriptRunner.GUI.csproj", "{87EF4861-1CB6-4F46-97E0-6925A59626EE}"
EndProject
Project("{FAE04EC0-301F-11D3-BF4B-00C04F79EFBC}") = "AppInstaller", "AppInstaller\AppInstaller.csproj", "{A272ED16-5B61-455F-8222-37584D370FA7}"
EndProject
Project("{2150E333-8FDC-42A3-9474-1A3956D46DE8}") = "Doc", "Doc", "{C9D349CF-4864-4A8E-A6B4-31AF64A4A04C}"
	ProjectSection(SolutionItems) = preProject
		..\..\README.md = ..\..\README.md
		..\..\schema\v1\ScriptRunnerSchema.json = ..\..\schema\v1\ScriptRunnerSchema.json
	EndProjectSection
EndProject
Global
	GlobalSection(SolutionConfigurationPlatforms) = preSolution
		Debug|Any CPU = Debug|Any CPU
		Release|Any CPU = Release|Any CPU
	EndGlobalSection
	GlobalSection(ProjectConfigurationPlatforms) = postSolution
		{87EF4861-1CB6-4F46-97E0-6925A59626EE}.Debug|Any CPU.ActiveCfg = Debug|Any CPU
		{87EF4861-1CB6-4F46-97E0-6925A59626EE}.Debug|Any CPU.Build.0 = Debug|Any CPU
		{87EF4861-1CB6-4F46-97E0-6925A59626EE}.Release|Any CPU.ActiveCfg = Release|Any CPU
		{87EF4861-1CB6-4F46-97E0-6925A59626EE}.Release|Any CPU.Build.0 = Release|Any CPU
		{A272ED16-5B61-455F-8222-37584D370FA7}.Debug|Any CPU.ActiveCfg = Debug|Any CPU
		{A272ED16-5B61-455F-8222-37584D370FA7}.Debug|Any CPU.Build.0 = Debug|Any CPU
		{A272ED16-5B61-455F-8222-37584D370FA7}.Release|Any CPU.ActiveCfg = Release|Any CPU
		{A272ED16-5B61-455F-8222-37584D370FA7}.Release|Any CPU.Build.0 = Release|Any CPU
	EndGlobalSection
	GlobalSection(SolutionProperties) = preSolution
		HideSolutionNode = FALSE
	EndGlobalSection
	GlobalSection(ExtensibilityGlobals) = postSolution
		SolutionGuid = {9F9E175D-511A-4AE6-84E6-4E69F6284B91}
	EndGlobalSection
EndGlobal
